{
  "name": "rocketlaunchergame",
  "version": "1.0.0",
  "lockfileVersion": 2,
  "requires": true,
  "packages": {
    "": {
      "name": "rocketlaunchergame",
      "version": "1.0.0",
      "license": "ISC",
      "dependencies": {
        "@rbxts/fastcast": "^13.2.0-ts.2",
        "@rbxts/knit": "^0.0.21-alpha.0",
        "@rbxts/services": "^1.5.4",
        "@rbxts/spring": "^1.0.2",
        "@rbxts/ts-remote": "^1.0.3"
      },
      "devDependencies": {
        "@rbxts/compiler-types": "^1.3.3-types.1",
        "@rbxts/types": "^1.0.776",
        "prettier": "^3.2.5",
        "typescript": "^5.4.5"
      }
    },
    "node_modules/@rbxts/compiler-types": {
      "version": "1.3.3-types.1",
      "resolved": "https://registry.npmjs.org/@rbxts/compiler-types/-/compiler-types-1.3.3-types.1.tgz",
      "integrity": "sha512-iWeioe5WziBTnY+FIT7aQ5bimlw81PYZ5d9WO0h1kX3joEigXPQpn2yHGRxzrqIssqQr47Y6fwknklaaQ6IPMQ==",
      "dev": true
    },
    "node_modules/@rbxts/fastcast": {
      "version": "13.2.0-ts.2",
      "resolved": "https://registry.npmjs.org/@rbxts/fastcast/-/fastcast-13.2.0-ts.2.tgz",
      "integrity": "sha512-EdrMZTg0pOTwOkxDdcPKMvvdIwPR6WCCsjQYbYNpyB/SgJL9bGDXuBG3Pb+T5NCQc2/nlNh4UGj6DkmuI1B+ng==",
      "dependencies": {
        "@rbxts/compiler-types": "^1.0.0-types.0"
      }
    },
    "node_modules/@rbxts/fastcast/node_modules/@rbxts/compiler-types": {
      "version": "1.0.0-types.0",
      "resolved": "https://registry.npmjs.org/@rbxts/compiler-types/-/compiler-types-1.0.0-types.0.tgz",
      "integrity": "sha512-DMYByLmapF5T04l1Jmg71BZNmR8sFhDt/aq9aV9X8JjnQimnCCBFK+FzdHh9Nx40D/o+k9vYn5aS58g8kISlYQ=="
    },
    "node_modules/@rbxts/knit": {
      "version": "0.0.21-alpha.0",
      "resolved": "https://registry.npmjs.org/@rbxts/knit/-/knit-0.0.21-alpha.0.tgz",
      "integrity": "sha512-NDDa/bpVQPOr4eN8kIRNP8s6Q/s1dOxJa69QPC8Bx181wecyBCPHPFbtlLaIV0ZpCQ8rrzjnB2bU6dgvYumEGQ=="
    },
    "node_modules/@rbxts/services": {
      "version": "1.5.4",
      "resolved": "https://registry.npmjs.org/@rbxts/services/-/services-1.5.4.tgz",
      "integrity": "sha512-Klh+gRIT8zy3xRTX1YD6FZ9nAMzkzPLTHmciigt59PEF7PJXo31CF0IU0RegQ7VSMrz1iOnXwxbIwy3htcMfOA=="
    },
    "node_modules/@rbxts/spring": {
      "version": "1.0.2",
      "resolved": "https://registry.npmjs.org/@rbxts/spring/-/spring-1.0.2.tgz",
      "integrity": "sha512-8LTt1Ss0D69Bk/Ur/szXQnHF/gd1RNDMUEyvCTvz1keTUuRCzwzfWxWVWTKcgzipI2wRCx5Il6xEmaXFur99lA=="
    },
    "node_modules/@rbxts/ts-remote": {
      "version": "1.0.3",
      "resolved": "https://registry.npmjs.org/@rbxts/ts-remote/-/ts-remote-1.0.3.tgz",
      "integrity": "sha512-RUrkyWIlPG19d+Zo0d5znwhCAIrad9EndXc6j/U1JCZZvfHddwO+AA4ec6vqHwanvbI+mPhApsdHJx5eB91LZA=="
    },
    "node_modules/@rbxts/types": {
      "version": "1.0.776",
      "resolved": "https://registry.npmjs.org/@rbxts/types/-/types-1.0.776.tgz",
      "integrity": "sha512-LmUYQW19HihJCMBtz6uKDF50X1V6OZHwvMNdgHVzaJz9bhEzBJI1nVLnmytysg/HYDB6TJ+ziaDptsviF2cZcg==",
      "dev": true
    },
    "node_modules/prettier": {
      "version": "3.2.5",
      "resolved": "https://registry.npmjs.org/prettier/-/prettier-3.2.5.tgz",
      "integrity": "sha512-3/GWa9aOC0YeD7LUfvOG2NiDyhOWRvt1k+rcKhOuYnMY24iiCphgneUfJDyFXd6rZCAnuLBv6UeAULtrhT/F4A==",
      "dev": true,
      "bin": {
        "prettier": "bin/prettier.cjs"
      },
      "engines": {
        "node": ">=14"
      },
      "funding": {
        "url": "https://github.com/prettier/prettier?sponsor=1"
      }
    },
    "node_modules/typescript": {
      "version": "5.4.5",
      "resolved": "https://registry.npmjs.org/typescript/-/typescript-5.4.5.tgz",
      "integrity": "sha512-vcI4UpRgg81oIRUFwR0WSIHKt11nJ7SAVlYNIu+QpqeyXP+gpQJy/Z4+F0aGxSE4MqwjyXvW/TzgkLAx2AGHwQ==",
      "dev": true,
      "bin": {
        "tsc": "bin/tsc",
        "tsserver": "bin/tsserver"
      },
      "engines": {
        "node": ">=14.17"
      }
    }
  },
  "dependencies": {
    "@rbxts/compiler-types": {
      "version": "1.3.3-types.1",
      "resolved": "https://registry.npmjs.org/@rbxts/compiler-types/-/compiler-types-1.3.3-types.1.tgz",
      "integrity": "sha512-iWeioe5WziBTnY+FIT7aQ5bimlw81PYZ5d9WO0h1kX3joEigXPQpn2yHGRxzrqIssqQr47Y6fwknklaaQ6IPMQ==",
      "dev": true
    },
    "@rbxts/fastcast": {
      "version": "13.2.0-ts.2",
      "resolved": "https://registry.npmjs.org/@rbxts/fastcast/-/fastcast-13.2.0-ts.2.tgz",
      "integrity": "sha512-EdrMZTg0pOTwOkxDdcPKMvvdIwPR6WCCsjQYbYNpyB/SgJL9bGDXuBG3Pb+T5NCQc2/nlNh4UGj6DkmuI1B+ng==",
      "requires": {
        "@rbxts/compiler-types": "^1.0.0-types.0"
      },
      "dependencies": {
        "@rbxts/compiler-types": {
          "version": "1.0.0-types.0",
          "resolved": "https://registry.npmjs.org/@rbxts/compiler-types/-/compiler-types-1.0.0-types.0.tgz",
          "integrity": "sha512-DMYByLmapF5T04l1Jmg71BZNmR8sFhDt/aq9aV9X8JjnQimnCCBFK+FzdHh9Nx40D/o+k9vYn5aS58g8kISlYQ=="
        }
      }
    },
    "@rbxts/knit": {
      "version": "0.0.21-alpha.0",
      "resolved": "https://registry.npmjs.org/@rbxts/knit/-/knit-0.0.21-alpha.0.tgz",
      "integrity": "sha512-NDDa/bpVQPOr4eN8kIRNP8s6Q/s1dOxJa69QPC8Bx181wecyBCPHPFbtlLaIV0ZpCQ8rrzjnB2bU6dgvYumEGQ=="
    },
    "@rbxts/services": {
      "version": "1.5.4",
      "resolved": "https://registry.npmjs.org/@rbxts/services/-/services-1.5.4.tgz",
      "integrity": "sha512-Klh+gRIT8zy3xRTX1YD6FZ9nAMzkzPLTHmciigt59PEF7PJXo31CF0IU0RegQ7VSMrz1iOnXwxbIwy3htcMfOA=="
    },
    "@rbxts/spring": {
      "version": "1.0.2",
      "resolved": "https://registry.npmjs.org/@rbxts/spring/-/spring-1.0.2.tgz",
      "integrity": "sha512-8LTt1Ss0D69Bk/Ur/szXQnHF/gd1RNDMUEyvCTvz1keTUuRCzwzfWxWVWTKcgzipI2wRCx5Il6xEmaXFur99lA=="
    },
    "@rbxts/ts-remote": {
      "version": "1.0.3",
      "resolved": "https://registry.npmjs.org/@rbxts/ts-remote/-/ts-remote-1.0.3.tgz",
      "integrity": "sha512-RUrkyWIlPG19d+Zo0d5znwhCAIrad9EndXc6j/U1JCZZvfHddwO+AA4ec6vqHwanvbI+mPhApsdHJx5eB91LZA=="
    },
    "@rbxts/types": {
      "version": "1.0.776",
      "resolved": "https://registry.npmjs.org/@rbxts/types/-/types-1.0.776.tgz",
      "integrity": "sha512-LmUYQW19HihJCMBtz6uKDF50X1V6OZHwvMNdgHVzaJz9bhEzBJI1nVLnmytysg/HYDB6TJ+ziaDptsviF2cZcg==",
      "dev": true
    },
    "prettier": {
      "version": "3.2.5",
      "resolved": "https://registry.npmjs.org/prettier/-/prettier-3.2.5.tgz",
      "integrity": "sha512-3/GWa9aOC0YeD7LUfvOG2NiDyhOWRvt1k+rcKhOuYnMY24iiCphgneUfJDyFXd6rZCAnuLBv6UeAULtrhT/F4A==",
      "dev": true
    },
    "typescript": {
      "version": "5.4.5",
      "resolved": "https://registry.npmjs.org/typescript/-/typescript-5.4.5.tgz",
      "integrity": "sha512-vcI4UpRgg81oIRUFwR0WSIHKt11nJ7SAVlYNIu+QpqeyXP+gpQJy/Z4+F0aGxSE4MqwjyXvW/TzgkLAx2AGHwQ==",
      "dev": true
    }
  }
}
